
Microsoft Visual Studio Solution File, Format Version 12.00
# Visual Studio Version 17
VisualStudioVersion = 17.5.33530.505
MinimumVisualStudioVersion = 10.0.40219.1
Project("{FAE04EC0-301F-11D3-BF4B-00C04F79EFBC}") = "Supermarket-mvp", "Supermarket-mvp.csproj", "{756DAB2F-A988-41CB-8C7E-98AD440CC777}"
EndProject
Global
	GlobalSection(SolutionConfigurationPlatforms) = preSolution
		Debug|Any CPU = Debug|Any CPU
		Release|Any CPU = Release|Any CPU
	EndGlobalSection
	GlobalSection(ProjectConfigurationPlatforms) = postSolution
		{756DAB2F-A988-41CB-8C7E-98AD440CC777}.Debug|Any CPU.ActiveCfg = Debug|Any CPU
		{756DAB2F-A988-41CB-8C7E-98AD440CC777}.Debug|Any CPU.Build.0 = Debug|Any CPU
		{756DAB2F-A988-41CB-8C7E-98AD440CC777}.Release|Any CPU.ActiveCfg = Release|Any CPU
		{756DAB2F-A988-41CB-8C7E-98AD440CC777}.Release|Any CPU.Build.0 = Release|Any CPU
	EndGlobalSection
	GlobalSection(SolutionProperties) = preSolution
		HideSolutionNode = FALSE
	EndGlobalSection
	GlobalSection(ExtensibilityGlobals) = postSolution
		SolutionGuid = {D7ADDA81-1C9E-4663-A585-001001C94FE7}
	EndGlobalSection
EndGlobal
